PODS:
  - ARObjectCollectionViewController (0.1.1)

DEPENDENCIES:
  - ARObjectCollectionViewController (from `../`)

EXTERNAL SOURCES:
  ARObjectCollectionViewController:
    :path: "../"

SPEC CHECKSUMS:
  ARObjectCollectionViewController: bbeb0883b65136bea596b91a83a507e35a9f68c6

PODFILE CHECKSUM: f61e5ab2f39938357119fce3afd944f24261df15

COCOAPODS: 1.9.1
